<?xml version="1.0" encoding="utf-8"?>
<Project ToolsVersion="4.0" xmlns="http://schemas.microsoft.com/developer/msbuild/2003">
  <ItemGroup>
    <Filter Include="Source Files">
      <UniqueIdentifier>{4FC737F1-C7A5-4376-A066-2A32D752A2FF}</UniqueIdentifier>
      <Extensions>cpp;c;cc;cxx;def;odl;idl;hpj;bat;asm;asmx</Extensions>
    </Filter>
    <Filter Include="Header Files">
      <UniqueIdentifier>{93995380-89BD-4b04-88EB-625FBE52EBFB}</UniqueIdentifier>
      <Extensions>h;hh;hpp;hxx;hm;inl;inc;xsd</Extensions>
    </Filter>
    <Filter Include="Resource Files">
      <UniqueIdentifier>{67DA6AB6-F800-4c08-8B7A-83BB121AAD01}</UniqueIdentifier>
      <Extensions>rc;ico;cur;bmp;dlg;rc2;rct;bin;rgs;gif;jpg;jpeg;jpe;resx;tiff;tif;png;wav;mfcribbon-ms</Extensions>
    </Filter>
    <Filter Include="Source Files\shader">
      <UniqueIdentifier>{2ed48de2-0b17-44e2-ae1d-bdc45fcdd176}</UniqueIdentifier>
    </Filter>
    <Filter Include="Source Files\shader\diffuseShader">
      <UniqueIdentifier>{488cd5cd-c050-474f-8e6b-cce6c2252b56}</UniqueIdentifier>
    </Filter>
    <Filter Include="Source Files\shader\tranparentShader">
      <UniqueIdentifier>{62955a4b-a7a6-4b7e-8bc3-c155491f270a}</UniqueIdentifier>
    </Filter>
    <Filter Include="Source Files\shader\computerShader">
      <UniqueIdentifier>{f99ba9df-62c9-4721-b7d3-9f3df7f6fc30}</UniqueIdentifier>
    </Filter>
  </ItemGroup>
  <ItemGroup>
    <ClInclude Include="src\glslShader.h">
      <Filter>Source Files</Filter>
    </ClInclude>
    <ClInclude Include="src\glslShaderLoader.h">
      <Filter>Source Files</Filter>
    </ClInclude>
    <ClInclude Include="src\geometry.h">
      <Filter>Header Files</Filter>
    </ClInclude>
    <ClInclude Include="src\3ds.h">
      <Filter>Header Files</Filter>
    </ClInclude>
    <ClInclude Include="src\scene.h">
      <Filter>Header Files</Filter>
    </ClInclude>
    <ClInclude Include="src\object.h">
      <Filter>Header Files</Filter>
    </ClInclude>
    <ClInclude Include="src\macro.h">
      <Filter>Header Files</Filter>
    </ClInclude>
    <ClInclude Include="src\Fbo.h">
      <Filter>Header Files</Filter>
    </ClInclude>
    <ClInclude Include="src\Camera.h">
      <Filter>Header Files</Filter>
    </ClInclude>
    <ClInclude Include="src\textureManager.h">
      <Filter>Header Files</Filter>
    </ClInclude>
    <ClInclude Include="src\glm.h">
      <Filter>Source Files</Filter>
    </ClInclude>
    <ClInclude Include="src\gbufferShader.h">
      <Filter>Source Files\shader\diffuseShader</Filter>
    </ClInclude>
    <ClInclude Include="src\teapot.h">
      <Filter>Source Files</Filter>
    </ClInclude>
    <ClInclude Include="src\transparentShader.h">
      <Filter>Source Files\shader\tranparentShader</Filter>
    </ClInclude>
    <ClInclude Include="src\resolveShader.h">
      <Filter>Header Files</Filter>
    </ClInclude>
    <ClInclude Include="shader\utils.h">
      <Filter>Source Files\shader</Filter>
    </ClInclude>
    <ClInclude Include="src\transparentRender.h">
      <Filter>Source Files\shader\tranparentShader</Filter>
    </ClInclude>
  </ItemGroup>
  <ItemGroup>
    <ClCompile Include="src\Camera.cpp">
      <Filter>Source Files</Filter>
    </ClCompile>
    <ClCompile Include="src\Fbo.cpp">
      <Filter>Source Files</Filter>
    </ClCompile>
    <ClCompile Include="src\glslShaderLoader.cpp">
      <Filter>Source Files</Filter>
    </ClCompile>
    <ClCompile Include="src\main.cpp">
      <Filter>Source Files</Filter>
    </ClCompile>
    <ClCompile Include="src\scene.cpp">
      <Filter>Source Files</Filter>
    </ClCompile>
    <ClCompile Include="src\geometry.cpp">
      <Filter>Source Files</Filter>
    </ClCompile>
    <ClCompile Include="src\textureManager.cpp">
      <Filter>Source Files</Filter>
    </ClCompile>
    <ClCompile Include="src\glm.cpp">
      <Filter>Source Files</Filter>
    </ClCompile>
    <ClCompile Include="src\ogldev_util.cpp">
      <Filter>Source Files</Filter>
    </ClCompile>
    <ClCompile Include="src\gbufferShader.cpp">
      <Filter>Source Files\shader\diffuseShader</Filter>
    </ClCompile>
    <ClCompile Include="src\time.cpp">
      <Filter>Source Files</Filter>
    </ClCompile>
    <ClCompile Include="src\transparentShader.cpp">
      <Filter>Source Files\shader\tranparentShader</Filter>
    </ClCompile>
    <ClCompile Include="src\resolveShader.cpp">
      <Filter>Source Files</Filter>
    </ClCompile>
    <ClCompile Include="src\transparentRender.cpp">
      <Filter>Source Files\shader\tranparentShader</Filter>
    </ClCompile>
  </ItemGroup>
  <ItemGroup>
    <None Include="shader\gBuffer.frag">
      <Filter>Source Files\shader\diffuseShader</Filter>
    </None>
    <None Include="shader\gBuffer.vert">
      <Filter>Source Files\shader\diffuseShader</Filter>
    </None>
    <None Include="src\time.h">
      <Filter>Header Files</Filter>
    </None>
    <None Include="shader\transparentShader.vert">
      <Filter>Source Files\shader\tranparentShader</Filter>
    </None>
    <None Include="shader\transparentShader.frag">
      <Filter>Source Files\shader\tranparentShader</Filter>
    </None>
    <None Include="shader\render_link_list.glsl">
      <Filter>Source Files\shader\computerShader</Filter>
    </None>
  </ItemGroup>
</Project>